Microsoft Visual Studio Solution File, Format Version 12.00
# Visual Studio Version 17
VisualStudioVersion = 17.5.2.0
MinimumVisualStudioVersion = 10.0.40219.1
Project("{FAE04EC0-301F-11D3-BF4B-00C04F79EFBC}") = "SerilogHelperServices", "SerilogHelperServices.csproj", "{986B54B4-1A4A-8DF0-DB37-5486BF70381D}"
EndProject
Global
	GlobalSection(SolutionConfigurationPlatforms) = preSolution
		Debug|Any CPU = Debug|Any CPU
		Release|Any CPU = Release|Any CPU
	EndGlobalSection
	GlobalSection(ProjectConfigurationPlatforms) = postSolution
		{986B54B4-1A4A-8DF0-DB37-5486BF70381D}.Debug|Any CPU.ActiveCfg = Debug|Any CPU
		{986B54B4-1A4A-8DF0-DB37-5486BF70381D}.Debug|Any CPU.Build.0 = Debug|Any CPU
		{986B54B4-1A4A-8DF0-DB37-5486BF70381D}.Release|Any CPU.ActiveCfg = Release|Any CPU
		{986B54B4-1A4A-8DF0-DB37-5486BF70381D}.Release|Any CPU.Build.0 = Release|Any CPU
	EndGlobalSection
	GlobalSection(SolutionProperties) = preSolution
		HideSolutionNode = FALSE
	EndGlobalSection
	GlobalSection(ExtensibilityGlobals) = postSolution
		SolutionGuid = {FC52982B-BBA2-4439-BD7A-941C4521B6F0}
	EndGlobalSection
EndGlobal
